
Microsoft Visual Studio Solution File, Format Version 12.00
# Visual Studio Version 17
VisualStudioVersion = 17.14.36518.9 d17.14
MinimumVisualStudioVersion = 10.0.40219.1
Project("{FAE04EC0-301F-11D3-BF4B-00C04F79EFBC}") = "QR_CODE_DATA_CREATOR", "QR_CODE_DATA_CREATOR\QR_CODE_DATA_CREATOR.csproj", "{788C380D-B677-4B46-A342-4247A4BCA469}"
EndProject
Global
	GlobalSection(SolutionConfigurationPlatforms) = preSolution
		Debug|Any CPU = Debug|Any CPU
		Release|Any CPU = Release|Any CPU
	EndGlobalSection
	GlobalSection(ProjectConfigurationPlatforms) = postSolution
		{788C380D-B677-4B46-A342-4247A4BCA469}.Debug|Any CPU.ActiveCfg = Debug|Any CPU
		{788C380D-B677-4B46-A342-4247A4BCA469}.Debug|Any CPU.Build.0 = Debug|Any CPU
		{788C380D-B677-4B46-A342-4247A4BCA469}.Release|Any CPU.ActiveCfg = Release|Any CPU
		{788C380D-B677-4B46-A342-4247A4BCA469}.Release|Any CPU.Build.0 = Release|Any CPU
	EndGlobalSection
	GlobalSection(SolutionProperties) = preSolution
		HideSolutionNode = FALSE
	EndGlobalSection
	GlobalSection(ExtensibilityGlobals) = postSolution
		SolutionGuid = {23EC6B9E-778E-4240-9D9D-961F2862346D}
	EndGlobalSection
EndGlobal
